
Microsoft Visual Studio Solution File, Format Version 12.00
# Visual Studio 15
VisualStudioVersion = 15.0.27004.2006
MinimumVisualStudioVersion = 10.0.40219.1
Project("{FAE04EC0-301F-11D3-BF4B-00C04F79EFBC}") = "Eksamen", "Eksamen\Eksamen.csproj", "{37FF316B-38D6-46A0-AAC7-9FC5CD867CE7}"
EndProject
Project("{FAE04EC0-301F-11D3-BF4B-00C04F79EFBC}") = "Tic-tac-to", "..\Tic-tac-to\Tic-tac-to\Tic-tac-to.csproj", "{61A33E1F-121A-49CD-A085-E3FCAEF50393}"
EndProject
Global
	GlobalSection(SolutionConfigurationPlatforms) = preSolution
		Debug|Any CPU = Debug|Any CPU
		Release|Any CPU = Release|Any CPU
	EndGlobalSection
	GlobalSection(ProjectConfigurationPlatforms) = postSolution
		{37FF316B-38D6-46A0-AAC7-9FC5CD867CE7}.Debug|Any CPU.ActiveCfg = Debug|Any CPU
		{37FF316B-38D6-46A0-AAC7-9FC5CD867CE7}.Debug|Any CPU.Build.0 = Debug|Any CPU
		{37FF316B-38D6-46A0-AAC7-9FC5CD867CE7}.Release|Any CPU.ActiveCfg = Release|Any CPU
		{37FF316B-38D6-46A0-AAC7-9FC5CD867CE7}.Release|Any CPU.Build.0 = Release|Any CPU
		{61A33E1F-121A-49CD-A085-E3FCAEF50393}.Debug|Any CPU.ActiveCfg = Debug|Any CPU
		{61A33E1F-121A-49CD-A085-E3FCAEF50393}.Debug|Any CPU.Build.0 = Debug|Any CPU
		{61A33E1F-121A-49CD-A085-E3FCAEF50393}.Release|Any CPU.ActiveCfg = Release|Any CPU
		{61A33E1F-121A-49CD-A085-E3FCAEF50393}.Release|Any CPU.Build.0 = Release|Any CPU
	EndGlobalSection
	GlobalSection(SolutionProperties) = preSolution
		HideSolutionNode = FALSE
	EndGlobalSection
	GlobalSection(ExtensibilityGlobals) = postSolution
		SolutionGuid = {8968643D-C6AD-452E-AE4F-29C6353A00C8}
	EndGlobalSection
EndGlobal
